// !$*UTF8*$!
{
	archiveVersion = 1;
	classes = {
	};
	objectVersion = 50;
	objects = {

/* Begin PBXBuildFile section */
		AD6166B82105C81700691B94 /* AppDelegate.swift in Sources */ = {isa = PBXBuildFile; fileRef = AD6166B72105C81700691B94 /* AppDelegate.swift */; };
		AD6166BA2105C81700691B94 /* ViewController.swift in Sources */ = {isa = PBXBuildFile; fileRef = AD6166B92105C81700691B94 /* ViewController.swift */; };
		AD6166BD2105C81700691B94 /* Main.storyboard in Resources */ = {isa = PBXBuildFile; fileRef = AD6166BB2105C81700691B94 /* Main.storyboard */; };
		AD6166BF2105C81900691B94 /* Assets.xcassets in Resources */ = {isa = PBXBuildFile; fileRef = AD6166BE2105C81900691B94 /* Assets.xcassets */; };
		AD6166C22105C81900691B94 /* LaunchScreen.storyboard in Resources */ = {isa = PBXBuildFile; fileRef = AD6166C02105C81900691B94 /* LaunchScreen.storyboard */; };
		AD6166CD2105C81900691B94 /* swiftleture04Tests.swift in Sources */ = {isa = PBXBuildFile; fileRef = AD6166CC2105C81900691B94 /* swiftleture04Tests.swift */; };
		AD6166D82105C81900691B94 /* swiftleture04UITests.swift in Sources */ = {isa = PBXBuildFile; fileRef = AD6166D72105C81900691B94 /* swiftleture04UITests.swift */; };
/* End PBXBuildFile section */

/* Begin PBXContainerItemProxy section */
		AD6166C92105C81900691B94 /* PBXContainerItemProxy */ = {
			isa = PBXContainerItemProxy;
			containerPortal = AD6166AC2105C81700691B94 /* Project object */;
			proxyType = 1;
			remoteGlobalIDString = AD6166B32105C81700691B94;
			remoteInfo = swiftleture04;
		};
		AD6166D42105C81900691B94 /* PBXContainerItemProxy */ = {
			isa = PBXContainerItemProxy;
			containerPortal = AD6166AC2105C81700691B94 /* Project object */;
			proxyType = 1;
			remoteGlobalIDString = AD6166B32105C81700691B94;
			remoteInfo = swiftleture04;
		};
/* End PBXContainerItemProxy section */

/* Begin PBXFileReference section */
		AD6166B42105C81700691B94 /* swiftleture04.app */ = {isa = PBXFileReference; explicitFileType = wrapper.application; includeInIndex = 0; path = swiftleture04.app; sourceTree = BUILT_PRODUCTS_DIR; };
		AD6166B72105C81700691B94 /* AppDelegate.swift */ = {isa = PBXFileReference; lastKnownFileType = sourcecode.swift; path = AppDelegate.swift; sourceTree = "<group>"; };
		AD6166B92105C81700691B94 /* ViewController.swift */ = {isa = PBXFileReference; lastKnownFileType = sourcecode.swift; path = ViewController.swift; sourceTree = "<group>"; };
		AD6166BC2105C81700691B94 /* Base */ = {isa = PBXFileReference; lastKnownFileType = file.storyboard; name = Base; path = Base.lproj/Main.storyboard; sourceTree = "<group>"; };
		AD6166BE2105C81900691B94 /* Assets.xcassets */ = {isa = PBXFileReference; lastKnownFileType = folder.assetcatalog; path = Assets.xcassets; sourceTree = "<group>"; };
		AD6166C12105C81900691B94 /* Base */ = {isa = PBXFileReference; lastKnownFileType = file.storyboard; name = Base; path = Base.lproj/LaunchScreen.storyboard; sourceTree = "<group>"; };
		AD6166C32105C81900691B94 /* Info.plist */ = {isa = PBXFileReference; lastKnownFileType = text.plist.xml; path = Info.plist; sourceTree = "<group>"; };
		AD6166C82105C81900691B94 /* swiftleture04Tests.xctest */ = {isa = PBXFileReference; explicitFileType = wrapper.cfbundle; includeInIndex = 0; path = swiftleture04Tests.xctest; sourceTree = BUILT_PRODUCTS_DIR; };
		AD6166CC2105C81900691B94 /* swiftleture04Tests.swift */ = {isa = PBXFileReference; lastKnownFileType = sourcecode.swift; path = swiftleture04Tests.swift; sourceTree = "<group>"; };
		AD6166CE2105C81900691B94 /* Info.plist */ = {isa = PBXFileReference; lastKnownFileType = text.plist.xml; path = Info.plist; sourceTree = "<group>"; };
		AD6166D32105C81900691B94 /* swiftleture04UITests.xctest */ = {isa = PBXFileReference; explicitFileType = wrapper.cfbundle; includeInIndex = 0; path = swiftleture04UITests.xctest; sourceTree = BUILT_PRODUCTS_DIR; };
		AD6166D72105C81900691B94 /* swiftleture04UITests.swift */ = {isa = PBXFileReference; lastKnownFileType = sourcecode.swift; path = swiftleture04UITests.swift; sourceTree = "<group>"; };
		AD6166D92105C81900691B94 /* Info.plist */ = {isa = PBXFileReference; lastKnownFileType = text.plist.xml; path = Info.plist; sourceTree = "<group>"; };
/* End PBXFileReference section */

/* Begin PBXFrameworksBuildPhase section */
		AD6166B12105C81700691B94 /* Frameworks */ = {
			isa = PBXFrameworksBuildPhase;
			buildActionMask = 2147483647;
			files = (
			);
			runOnlyForDeploymentPostprocessing = 0;
		};
		AD6166C52105C81900691B94 /* Frameworks */ = {
			isa = PBXFrameworksBuildPhase;
			buildActionMask = 2147483647;
			files = (
			);
			runOnlyForDeploymentPostprocessing = 0;
		};
		AD6166D02105C81900691B94 /* Frameworks */ = {
			isa = PBXFrameworksBuildPhase;
			buildActionMask = 2147483647;
			files = (
			);
			runOnlyForDeploymentPostprocessing = 0;
		};
/* End PBXFrameworksBuildPhase section */

/* Begin PBXGroup section */
		AD6166AB2105C81700691B94 = {
			isa = PBXGroup;
			children = (
				AD6166B62105C81700691B94 /* swiftleture04 */,
				AD6166CB2105C81900691B94 /* swiftleture04Tests */,
				AD6166D62105C81900691B94 /* swiftleture04UITests */,
				AD6166B52105C81700691B94 /* Products */,
			);
			sourceTree = "<group>";
		};
		AD6166B52105C81700691B94 /* Products */ = {
			isa = PBXGroup;
			children = (
				AD6166B42105C81700691B94 /* swiftleture04.app */,
				AD6166C82105C81900691B94 /* swiftleture04Tests.xctest */,
				AD6166D32105C81900691B94 /* swiftleture04UITests.xctest */,
			);
			name = Products;
			sourceTree = "<group>";
		};
		AD6166B62105C81700691B94 /* swiftleture04 */ = {
			isa = PBXGroup;
			children = (
				AD6166B72105C81700691B94 /* AppDelegate.swift */,
				AD6166B92105C81700691B94 /* ViewController.swift */,
				AD6166BB2105C81700691B94 /* Main.storyboard */,
				AD6166BE2105C81900691B94 /* Assets.xcassets */,
				AD6166C02105C81900691B94 /* LaunchScreen.storyboard */,
				AD6166C32105C81900691B94 /* Info.plist */,
			);
			path = swiftleture04;
			sourceTree = "<group>";
		};
		AD6166CB2105C81900691B94 /* swiftleture04Tests */ = {
			isa = PBXGroup;
			children = (
				AD6166CC2105C81900691B94 /* swiftleture04Tests.swift */,
				AD6166CE2105C81900691B94 /* Info.plist */,
			);
			path = swiftleture04Tests;
			sourceTree = "<group>";
		};
		AD6166D62105C81900691B94 /* swiftleture04UITests */ = {
			isa = PBXGroup;
			children = (
				AD6166D72105C81900691B94 /* swiftleture04UITests.swift */,
				AD6166D92105C81900691B94 /* Info.plist */,
			);
			path = swiftleture04UITests;
			sourceTree = "<group>";
		};
/* End PBXGroup section */

/* Begin PBXNativeTarget section */
		AD6166B32105C81700691B94 /* swiftleture04 */ = {
			isa = PBXNativeTarget;
			buildConfigurationList = AD6166DC2105C81900691B94 /* Build configuration list for PBXNativeTarget "swiftleture04" */;
			buildPhases = (
				AD6166B02105C81700691B94 /* Sources */,
				AD6166B12105C81700691B94 /* Frameworks */,
				AD6166B22105C81700691B94 /* Resources */,
			);
			buildRules = (
			);
			dependencies = (
			);
			name = swiftleture04;
			productName = swiftleture04;
			productReference = AD6166B42105C81700691B94 /* swiftleture04.app */;
			productType = "com.apple.product-type.application";
		};
		AD6166C72105C81900691B94 /* swiftleture04Tests */ = {
			isa = PBXNativeTarget;
			buildConfigurationList = AD6166DF2105C81900691B94 /* Build configuration list for PBXNativeTarget "swiftleture04Tests" */;
			buildPhases = (
				AD6166C42105C81900691B94 /* Sources */,
				AD6166C52105C81900691B94 /* Frameworks */,
				AD6166C62105C81900691B94 /* Resources */,
			);
			buildRules = (
			);
			dependencies = (
				AD6166CA2105C81900691B94 /* PBXTargetDependency */,
			);
			name = swiftleture04Tests;
			productName = swiftleture04Tests;
			productReference = AD6166C82105C81900691B94 /* swiftleture04Tests.xctest */;
			productType = "com.apple.product-type.bundle.unit-test";
		};
		AD6166D22105C81900691B94 /* swiftleture04UITests */ = {
			isa = PBXNativeTarget;
			buildConfigurationList = AD6166E22105C81900691B94 /* Build configuration list for PBXNativeTarget "swiftleture04UITests" */;
			buildPhases = (
				AD6166CF2105C81900691B94 /* Sources */,
				AD6166D02105C81900691B94 /* Frameworks */,
				AD6166D12105C81900691B94 /* Resources */,
			);
			buildRules = (
			);
			dependencies = (
				AD6166D52105C81900691B94 /* PBXTargetDependency */,
			);
			name = swiftleture04UITests;
			productName = swiftleture04UITests;
			productReference = AD6166D32105C81900691B94 /* swiftleture04UITests.xctest */;
			productType = "com.apple.product-type.bundle.ui-testing";
		};
/* End PBXNativeTarget section */

/* Begin PBXProject section */
		AD6166AC2105C81700691B94 /* Project object */ = {
			isa = PBXProject;
			attributes = {
				LastSwiftUpdateCheck = 1000;
				LastUpgradeCheck = 1000;
				ORGANIZATIONNAME = stu1;
				TargetAttributes = {
					AD6166B32105C81700691B94 = {
						CreatedOnToolsVersion = 10.0;
					};
					AD6166C72105C81900691B94 = {
						CreatedOnToolsVersion = 10.0;
						TestTargetID = AD6166B32105C81700691B94;
					};
					AD6166D22105C81900691B94 = {
						CreatedOnToolsVersion = 10.0;
						TestTargetID = AD6166B32105C81700691B94;
					};
				};
			};
			buildConfigurationList = AD6166AF2105C81700691B94 /* Build configuration list for PBXProject "swiftleture04" */;
			compatibilityVersion = "Xcode 9.3";
			developmentRegion = en;
			hasScannedForEncodings = 0;
			knownRegions = (
				en,
				Base,
			);
			mainGroup = AD6166AB2105C81700691B94;
			productRefGroup = AD6166B52105C81700691B94 /* Products */;
			projectDirPath = "";
			projectRoot = "";
			targets = (
				AD6166B32105C81700691B94 /* swiftleture04 */,
				AD6166C72105C81900691B94 /* swiftleture04Tests */,
				AD6166D22105C81900691B94 /* swiftleture04UITests */,
			);
		};
/* End PBXProject section */

/* Begin PBXResourcesBuildPhase section */
		AD6166B22105C81700691B94 /* Resources */ = {
			isa = PBXResourcesBuildPhase;
			buildActionMask = 2147483647;
			files = (
				AD6166C22105C81900691B94 /* LaunchScreen.storyboard in Resources */,
				AD6166BF2105C81900691B94 /* Assets.xcassets in Resources */,
				AD6166BD2105C81700691B94 /* Main.storyboard in Resources */,
			);
			runOnlyForDeploymentPostprocessing = 0;
		};
		AD6166C62105C81900691B94 /* Resources */ = {
			isa = PBXResourcesBuildPhase;
			buildActionMask = 2147483647;
			files = (
			);
			runOnlyForDeploymentPostprocessing = 0;
		};
		AD6166D12105C81900691B94 /* Resources */ = {
			isa = PBXResourcesBuildPhase;
			buildActionMask = 2147483647;
			files = (
			);
			runOnlyForDeploymentPostprocessing = 0;
		};
/* End PBXResourcesBuildPhase section */

/* Begin PBXSourcesBuildPhase section */
		AD6166B02105C81700691B94 /* Sources */ = {
			isa = PBXSourcesBuildPhase;
			buildActionMask = 2147483647;
			files = (
				AD6166BA2105C81700691B94 /* ViewController.swift in Sources */,
				AD6166B82105C81700691B94 /* AppDelegate.swift in Sources */,
			);
			runOnlyForDeploymentPostprocessing = 0;
		};
		AD6166C42105C81900691B94 /* Sources */ = {
			isa = PBXSourcesBuildPhase;
			buildActionMask = 2147483647;
			files = (
				AD6166CD2105C81900691B94 /* swiftleture04Tests.swift in Sources */,
			);
			runOnlyForDeploymentPostprocessing = 0;
		};
		AD6166CF2105C81900691B94 /* Sources */ = {
			isa = PBXSourcesBuildPhase;
			buildActionMask = 2147483647;
			files = (
				AD6166D82105C81900691B94 /* swiftleture04UITests.swift in Sources */,
			);
			runOnlyForDeploymentPostprocessing = 0;
		};
/* End PBXSourcesBuildPhase section */

/* Begin PBXTargetDependency section */
		AD6166CA2105C81900691B94 /* PBXTargetDependency */ = {
			isa = PBXTargetDependency;
			target = AD6166B32105C81700691B94 /* swiftleture04 */;
			targetProxy = AD6166C92105C81900691B94 /* PBXContainerItemProxy */;
		};
		AD6166D52105C81900691B94 /* PBXTargetDependency */ = {
			isa = PBXTargetDependency;
			target = AD6166B32105C81700691B94 /* swiftleture04 */;
			targetProxy = AD6166D42105C81900691B94 /* PBXContainerItemProxy */;
		};
/* End PBXTargetDependency section */

/* Begin PBXVariantGroup section */
		AD6166BB2105C81700691B94 /* Main.storyboard */ = {
			isa = PBXVariantGroup;
			children = (
				AD6166BC2105C81700691B94 /* Base */,
			);
			name = Main.storyboard;
			sourceTree = "<group>";
		};
		AD6166C02105C81900691B94 /* LaunchScreen.storyboard */ = {
			isa = PBXVariantGroup;
			children = (
				AD6166C12105C81900691B94 /* Base */,
			);
			name = LaunchScreen.storyboard;
			sourceTree = "<group>";
		};
/* End PBXVariantGroup section */

/* Begin XCBuildConfiguration section */
		AD6166DA2105C81900691B94 /* Debug */ = {
			isa = XCBuildConfiguration;
			buildSettings = {
				ALWAYS_SEARCH_USER_PATHS = NO;
				CLANG_ANALYZER_NONNULL = YES;
				CLANG_ANALYZER_NUMBER_OBJECT_CONVERSION = YES_AGGRESSIVE;
				CLANG_CXX_LANGUAGE_STANDARD = "gnu++14";
				CLANG_CXX_LIBRARY = "libc++";
				CLANG_ENABLE_MODULES = YES;
				CLANG_ENABLE_OBJC_ARC = YES;
				CLANG_ENABLE_OBJC_WEAK = YES;
				CLANG_WARN_BLOCK_CAPTURE_AUTORELEASING = YES;
				CLANG_WARN_BOOL_CONVERSION = YES;
				CLANG_WARN_COMMA = YES;
				CLANG_WARN_CONSTANT_CONVERSION = YES;
				CLANG_WARN_DEPRECATED_OBJC_IMPLEMENTATIONS = YES;
				CLANG_WARN_DIRECT_OBJC_ISA_USAGE = YES_ERROR;
				CLANG_WARN_DOCUMENTATION_COMMENTS = YES;
				CLANG_WARN_EMPTY_BODY = YES;
				CLANG_WARN_ENUM_CONVERSION = YES;
				CLANG_WARN_INFINITE_RECURSION = YES;
				CLANG_WARN_INT_CONVERSION = YES;
				CLANG_WARN_NON_LITERAL_NULL_CONVERSION = YES;
				CLANG_WARN_OBJC_IMPLICIT_RETAIN_SELF = YES;
				CLANG_WARN_OBJC_LITERAL_CONVERSION = YES;
				CLANG_WARN_OBJC_ROOT_CLASS = YES_ERROR;
				CLANG_WARN_RANGE_LOOP_ANALYSIS = YES;
				CLANG_WARN_STRICT_PROTOTYPES = YES;
				CLANG_WARN_SUSPICIOUS_MOVE = YES;
				CLANG_WARN_UNGUARDED_AVAILABILITY = YES_AGGRESSIVE;
				CLANG_WARN_UNREACHABLE_CODE = YES;
				CLANG_WARN__DUPLICATE_METHOD_MATCH = YES;
				CODE_SIGN_IDENTITY = "iPhone Developer";
				COPY_PHASE_STRIP = NO;
				DEBUG_INFORMATION_FORMAT = dwarf;
				ENABLE_STRICT_OBJC_MSGSEND = YES;
				ENABLE_TESTABILITY = YES;
				GCC_C_LANGUAGE_STANDARD = gnu11;
				GCC_DYNAMIC_NO_PIC = NO;
				GCC_NO_COMMON_BLOCKS = YES;
				GCC_OPTIMIZATION_LEVEL = 0;
				GCC_PREPROCESSOR_DEFINITIONS = (
					"DEBUG=1",
					"$(inherited)",
				);
				GCC_WARN_64_TO_32_BIT_CONVERSION = YES;
				GCC_WARN_ABOUT_RETURN_TYPE = YES_ERROR;
				GCC_WARN_UNDECLARED_SELECTOR = YES;
				GCC_WARN_UNINITIALIZED_AUTOS = YES_AGGRESSIVE;
				GCC_WARN_UNUSED_FUNCTION = YES;
				GCC_WARN_UNUSED_VARIABLE = YES;
				IPHONEOS_DEPLOYMENT_TARGET = 12.0;
				MTL_ENABLE_DEBUG_INFO = INCLUDE_SOURCE;
				MTL_FAST_MATH = YES;
				ONLY_ACTIVE_ARCH = YES;
				SDKROOT = iphoneos;
				SWIFT_ACTIVE_COMPILATION_CONDITIONS = DEBUG;
				SWIFT_OPTIMIZATION_LEVEL = "-Onone";
			};
			name = Debug;
		};
		AD6166DB2105C81900691B94 /* Release */ = {
			isa = XCBuildConfiguration;
			buildSettings = {
				ALWAYS_SEARCH_USER_PATHS = NO;
				CLANG_ANALYZER_NONNULL = YES;
				CLANG_ANALYZER_NUMBER_OBJECT_CONVERSION = YES_AGGRESSIVE;
				CLANG_CXX_LANGUAGE_STANDARD = "gnu++14";
				CLANG_CXX_LIBRARY = "libc++";
				CLANG_ENABLE_MODULES = YES;
				CLANG_ENABLE_OBJC_ARC = YES;
				CLANG_ENABLE_OBJC_WEAK = YES;
				CLANG_WARN_BLOCK_CAPTURE_AUTORELEASING = YES;
				CLANG_WARN_BOOL_CONVERSION = YES;
				CLANG_WARN_COMMA = YES;
				CLANG_WARN_CONSTANT_CONVERSION = YES;
				CLANG_WARN_DEPRECATED_OBJC_IMPLEMENTATIONS = YES;
				CLANG_WARN_DIRECT_OBJC_ISA_USAGE = YES_ERROR;
				CLANG_WARN_DOCUMENTATION_COMMENTS = YES;
				CLANG_WARN_EMPTY_BODY = YES;
				CLANG_WARN_ENUM_CONVERSION = YES;
				CLANG_WARN_INFINITE_RECURSION = YES;
				CLANG_WARN_INT_CONVERSION = YES;
				CLANG_WARN_NON_LITERAL_NULL_CONVERSION = YES;
				CLANG_WARN_OBJC_IMPLICIT_RETAIN_SELF = YES;
				CLANG_WARN_OBJC_LITERAL_CONVERSION = YES;
				CLANG_WARN_OBJC_ROOT_CLASS = YES_ERROR;
				CLANG_WARN_RANGE_LOOP_ANALYSIS = YES;
				CLANG_WARN_STRICT_PROTOTYPES = YES;
				CLANG_WARN_SUSPICIOUS_MOVE = YES;
				CLANG_WARN_UNGUARDED_AVAILABILITY = YES_AGGRESSIVE;
				CLANG_WARN_UNREACHABLE_CODE = YES;
				CLANG_WARN__DUPLICATE_METHOD_MATCH = YES;
				CODE_SIGN_IDENTITY = "iPhone Developer";
				COPY_PHASE_STRIP = NO;
				DEBUG_INFORMATION_FORMAT = "dwarf-with-dsym";
				ENABLE_NS_ASSERTIONS = NO;
				ENABLE_STRICT_OBJC_MSGSEND = YES;
				GCC_C_LANGUAGE_STANDARD = gnu11;
				GCC_NO_COMMON_BLOCKS = YES;
				GCC_WARN_64_TO_32_BIT_CONVERSION = YES;
				GCC_WARN_ABOUT_RETURN_TYPE = YES_ERROR;
				GCC_WARN_UNDECLARED_SELECTOR = YES;
				GCC_WARN_UNINITIALIZED_AUTOS = YES_AGGRESSIVE;
				GCC_WARN_UNUSED_FUNCTION = YES;
				GCC_WARN_UNUSED_VARIABLE = YES;
				IPHONEOS_DEPLOYMENT_TARGET = 12.0;
				MTL_ENABLE_DEBUG_INFO = NO;
				MTL_FAST_MATH = YES;
				SDKROOT = iphoneos;
				SWIFT_COMPILATION_MODE = wholemodule;
				SWIFT_OPTIMIZATION_LEVEL = "-O";
				VALIDATE_PRODUCT = YES;
			};
			name = Release;
		};
		AD6166DD2105C81900691B94 /* Debug */ = {
			isa = XCBuildConfiguration;
			buildSettings = {
				ASSETCATALOG_COMPILER_APPICON_NAME = AppIcon;
				CODE_SIGN_STYLE = Automatic;
				INFOPLIST_FILE = swiftleture04/Info.plist;
				LD_RUNPATH_SEARCH_PATHS = (
					"$(inherited)",
					"@executable_path/Frameworks",
				);
				PRODUCT_BUNDLE_IDENTIFIER = aa.swiftleture04;
				PRODUCT_NAME = "$(TARGET_NAME)";
				SWIFT_VERSION = 4.2;
				TARGETED_DEVICE_FAMILY = "1,2";
			};
			name = Debug;
		};
		AD6166DE2105C81900691B94 /* Release */ = {
			isa = XCBuildConfiguration;
			buildSettings = {
				ASSETCATALOG_COMPILER_APPICON_NAME = AppIcon;
				CODE_SIGN_STYLE = Automatic;
				INFOPLIST_FILE = swiftleture04/Info.plist;
				LD_RUNPATH_SEARCH_PATHS = (
					"$(inherited)",
					"@executable_path/Frameworks",
				);
				PRODUCT_BUNDLE_IDENTIFIER = aa.swiftleture04;
				PRODUCT_NAME = "$(TARGET_NAME)";
				SWIFT_VERSION = 4.2;
				TARGETED_DEVICE_FAMILY = "1,2";
			};
			name = Release;
		};
		AD6166E02105C81900691B94 /* Debug */ = {
			isa = XCBuildConfiguration;
			buildSettings = {
				ALWAYS_EMBED_SWIFT_STANDARD_LIBRARIES = YES;
				BUNDLE_LOADER = "$(TEST_HOST)";
				CODE_SIGN_STYLE = Automatic;
				INFOPLIST_FILE = swiftleture04Tests/Info.plist;
				LD_RUNPATH_SEARCH_PATHS = (
					"$(inherited)",
					"@executable_path/Frameworks",
					"@loader_path/Frameworks",
				);
				PRODUCT_BUNDLE_IDENTIFIER = aa.swiftleture04Tests;
				PRODUCT_NAME = "$(TARGET_NAME)";
				SWIFT_VERSION = 4.2;
				TARGETED_DEVICE_FAMILY = "1,2";
				TEST_HOST = "$(BUILT_PRODUCTS_DIR)/swiftleture04.app/swiftleture04";
			};
			name = Debug;
		};
		AD6166E12105C81900691B94 /* Release */ = {
			isa = XCBuildConfiguration;
			buildSettings = {
				ALWAYS_EMBED_SWIFT_STANDARD_LIBRARIES = YES;
				BUNDLE_LOADER = "$(TEST_HOST)";
				CODE_SIGN_STYLE = Automatic;
				INFOPLIST_FILE = swiftleture04Tests/Info.plist;
				LD_RUNPATH_SEARCH_PATHS = (
					"$(inherited)",
					"@executable_path/Frameworks",
					"@loader_path/Frameworks",
				);
				PRODUCT_BUNDLE_IDENTIFIER = aa.swiftleture04Tests;
				PRODUCT_NAME = "$(TARGET_NAME)";
				SWIFT_VERSION = 4.2;
				TARGETED_DEVICE_FAMILY = "1,2";
				TEST_HOST = "$(BUILT_PRODUCTS_DIR)/swiftleture04.app/swiftleture04";
			};
			name = Release;
		};
		AD6166E32105C81900691B94 /* Debug */ = {
			isa = XCBuildConfiguration;
			buildSettings = {
				ALWAYS_EMBED_SWIFT_STANDARD_LIBRARIES = YES;
				CODE_SIGN_STYLE = Automatic;
				INFOPLIST_FILE = swiftleture04UITests/Info.plist;
				LD_RUNPATH_SEARCH_PATHS = (
					"$(inherited)",
					"@executable_path/Frameworks",
					"@loader_path/Frameworks",
				);
				PRODUCT_BUNDLE_IDENTIFIER = aa.swiftleture04UITests;
				PRODUCT_NAME = "$(TARGET_NAME)";
				SWIFT_VERSION = 4.2;
				TARGETED_DEVICE_FAMILY = "1,2";
				TEST_TARGET_NAME = swiftleture04;
			};
			name = Debug;
		};
		AD6166E42105C81900691B94 /* Release */ = {
			isa = XCBuildConfiguration;
			buildSettings = {
				ALWAYS_EMBED_SWIFT_STANDARD_LIBRARIES = YES;
				CODE_SIGN_STYLE = Automatic;
				INFOPLIST_FILE = swiftleture04UITests/Info.plist;
				LD_RUNPATH_SEARCH_PATHS = (
					"$(inherited)",
					"@executable_path/Frameworks",
					"@loader_path/Frameworks",
				);
				PRODUCT_BUNDLE_IDENTIFIER = aa.swiftleture04UITests;
				PRODUCT_NAME = "$(TARGET_NAME)";
				SWIFT_VERSION = 4.2;
				TARGETED_DEVICE_FAMILY = "1,2";
				TEST_TARGET_NAME = swiftleture04;
			};
			name = Release;
		};
/* End XCBuildConfiguration section */

/* Begin XCConfigurationList section */
		AD6166AF2105C81700691B94 /* Build configuration list for PBXProject "swiftleture04" */ = {
			isa = XCConfigurationList;
			buildConfigurations = (
				AD6166DA2105C81900691B94 /* Debug */,
				AD6166DB2105C81900691B94 /* Release */,
			);
			defaultConfigurationIsVisible = 0;
			defaultConfigurationName = Release;
		};
		AD6166DC2105C81900691B94 /* Build configuration list for PBXNativeTarget "swiftleture04" */ = {
			isa = XCConfigurationList;
			buildConfigurations = (
				AD6166DD2105C81900691B94 /* Debug */,
				AD6166DE2105C81900691B94 /* Release */,
			);
			defaultConfigurationIsVisible = 0;
			defaultConfigurationName = Release;
		};
		AD6166DF2105C81900691B94 /* Build configuration list for PBXNativeTarget "swiftleture04Tests" */ = {
			isa = XCConfigurationList;
			buildConfigurations = (
				AD6166E02105C81900691B94 /* Debug */,
				AD6166E12105C81900691B94 /* Release */,
			);
			defaultConfigurationIsVisible = 0;
			defaultConfigurationName = Release;
		};
		AD6166E22105C81900691B94 /* Build configuration list for PBXNativeTarget "swiftleture04UITests" */ = {
			isa = XCConfigurationList;
			buildConfigurations = (
				AD6166E32105C81900691B94 /* Debug */,
				AD6166E42105C81900691B94 /* Release */,
			);
			defaultConfigurationIsVisible = 0;
			defaultConfigurationName = Release;
		};
/* End XCConfigurationList section */
	};
	rootObject = AD6166AC2105C81700691B94 /* Project object */;
}
